PODS:
  - AEXML (4.1.0)
  - Astrolabe (2.0.3):
    - Astrolabe/Core (= 2.0.3)
  - Astrolabe/Core (2.0.3):
    - RxCocoa (~> 3.3)
    - RxSwift (~> 3.3)
    - SnapKit (~> 3.0)
  - Astrolabe/Loaders (2.0.3):
    - Astrolabe/Core
    - Gnomon (~> 2.0)
  - FormatterKit/Resources (1.8.2)
  - FormatterKit/URLRequestFormatter (1.8.2):
    - FormatterKit/Resources
  - Gnomon (2.0.0):
    - AEXML (~> 4)
    - FormatterKit/URLRequestFormatter (>= 1.8.2)
    - RxCocoa (~> 3)
    - RxSwift (~> 3)
    - SwiftyJSON (~> 3)
  - Nimble (7.0.1)
  - RxBlocking (3.6.1):
    - RxSwift (~> 3.6)
  - RxCocoa (3.6.1):
    - RxSwift (~> 3.6)
  - RxSwift (3.6.1)
  - SnapKit (3.2.0)
  - SwiftyJSON (3.1.4)

DEPENDENCIES:
  - Astrolabe (from `.`)
  - Astrolabe/Loaders (from `.`)
  - Gnomon (~> 2.0)
  - Nimble
  - RxBlocking

EXTERNAL SOURCES:
  Astrolabe:
    :path: "."

SPEC CHECKSUMS:
  AEXML: 647fbb051280f3fb38a1a7caa62b0344055a851c
  Astrolabe: 0d5dd4952b991b66281931654e78ccada8551c45
  FormatterKit: 4b8f29acc9b872d5d12a63efb560661e8f2e1b98
  Gnomon: 304a337c009be36ea6b1dbfef0e9f081a83cc4ad
  Nimble: 657d000e11df8aebe27cdaf9d244de7f30ed87f7
  RxBlocking: 4f4bd5732e8b952e54ae8a57739bcfb645de12bc
  RxCocoa: 84a08739ab186248c7f31ce4ee92d6f8a947d690
  RxSwift: f9de85ea20cd2f7716ee5409fc13523dc638e4e4
  SnapKit: 1ca44df72cfa543218d177cb8aab029d10d86ea7
  SwiftyJSON: c2842d878f95482ffceec5709abc3d05680c0220

PODFILE CHECKSUM: 0cb6a7865baacc8c1cbd671faa928e428dc219dd

COCOAPODS: 1.2.1
