PODS:
  - Astrolabe (2.0.5):
    - Astrolabe/Core (= 2.0.5)
  - Astrolabe/Core (2.0.5):
    - RxCocoa (~> 4.0)
    - RxSwift (~> 4.0)
    - SnapKit (~> 3.0)
  - Astrolabe/Loaders (2.0.5):
    - Astrolabe/Core
    - Gnomon/Core (~> 3.0)
  - FormatterKit/Resources (1.8.2)
  - FormatterKit/URLRequestFormatter (1.8.2):
    - FormatterKit/Resources
  - Gnomon (3.0.0):
    - Gnomon/JSON (= 3.0.0)
  - Gnomon/Core (3.0.0):
    - FormatterKit/URLRequestFormatter (>= 1.8.2)
    - RxSwift (~> 4.0)
  - Gnomon/JSON (3.0.0):
    - Gnomon/Core
    - SwiftyJSON (~> 3.0)
  - Nimble (7.0.2)
  - RxBlocking (4.0.0):
    - RxSwift (~> 4.0)
  - RxCocoa (4.0.0):
    - RxSwift (~> 4.0)
  - RxSwift (4.0.0)
  - SnapKit (3.2.0)
  - SwiftyJSON (3.1.4)

DEPENDENCIES:
  - Astrolabe (from `.`)
  - Astrolabe/Loaders (from `.`)
  - Gnomon (from `https://github.com/netcosports/Gnomon`)
  - Nimble (~> 7.0)
  - RxBlocking

EXTERNAL SOURCES:
  Astrolabe:
    :path: .
  Gnomon:
    :git: https://github.com/netcosports/Gnomon

CHECKOUT OPTIONS:
  Gnomon:
    :commit: 074e4687ebe6d9c8e1632ebe79cf030ae261dad5
    :git: https://github.com/netcosports/Gnomon

SPEC CHECKSUMS:
  Astrolabe: f1218f1939ff4441b2f9672843bd9f544db4aa9d
  FormatterKit: 4b8f29acc9b872d5d12a63efb560661e8f2e1b98
  Gnomon: 48d9c43af5f2412208269c2ad6a07ff47d669504
  Nimble: bfe1f814edabba69ff145cb1283e04ed636a67f2
  RxBlocking: 923c2c8106d80d7c2d6b276afd66ce3b10824836
  RxCocoa: d62846ca96495d862fa4c59ea7d87e5031d7340e
  RxSwift: fd680d75283beb5e2559486f3c0ff852f0d35334
  SnapKit: 1ca44df72cfa543218d177cb8aab029d10d86ea7
  SwiftyJSON: c2842d878f95482ffceec5709abc3d05680c0220

PODFILE CHECKSUM: bb74b0ba886844b2a75eeab6c59b63e9f1812a0b

COCOAPODS: 1.3.1
