<?xml version="1.0" encoding="UTF-8"?>
<Scheme
   LastUpgradeVersion = "0830"
   version = "1.3">
   <BuildAction
      parallelizeBuildables = "YES"
      buildImplicitDependencies = "YES">
      <BuildActionEntries>
         <BuildActionEntry
            buildForTesting = "YES"
            buildForRunning = "YES"
            buildForProfiling = "NO"
            buildForArchiving = "NO"
            buildForAnalyzing = "NO">
            <BuildableReference
               BuildableIdentifier = "primary"
               BlueprintIdentifier = "B5716EC61F0CC307005146DB"
               BuildableName = "iOSTests.xctest"
               BlueprintName = "iOSTests"
               ReferencedContainer = "container:Demo.xcodeproj">
            </BuildableReference>
         </BuildActionEntry>
      </BuildActionEntries>
   </BuildAction>
   <TestAction
      buildConfiguration = "Debug"
      selectedDebuggerIdentifier = "Xcode.DebuggerFoundation.Debugger.LLDB"
      selectedLauncherIdentifier = "Xcode.DebuggerFoundation.Launcher.LLDB"
      shouldUseLaunchSchemeArgsEnv = "YES">
      <Testables>
         <TestableReference
            skipped = "NO">
            <BuildableReference
               BuildableIdentifier = "primary"
               BlueprintIdentifier = "B5716EC61F0CC307005146DB"
               BuildableName = "iOSTests.xctest"
               BlueprintName = "iOSTests"
               ReferencedContainer = "container:Demo.xcodeproj">
            </BuildableReference>
            <SkippedTests>
               <Test
                  Identifier = "LoaderDecoratorSpec">
               </Test>
               <Test
                  Identifier = "MixedLoaderSpec">
               </Test>
               <Test
                  Identifier = "MultipleLoaderSpec">
               </Test>
               <Test
                  Identifier = "Place1Then1LoaderSpec">
               </Test>
               <Test
                  Identifier = "Place1Then2LoaderSpec">
               </Test>
               <Test
                  Identifier = "Place2LoaderSpec">
               </Test>
               <Test
                  Identifier = "Place2Then1LoaderSpec">
               </Test>
               <Test
                  Identifier = "Place3LoaderSpec">
               </Test>
               <Test
                  Identifier = "PlainLoaderSpec">
               </Test>
               <Test
                  Identifier = "ThreadingSpec">
               </Test>
            </SkippedTests>
         </TestableReference>
      </Testables>
      <AdditionalOptions>
      </AdditionalOptions>
   </TestAction>
   <LaunchAction
      buildConfiguration = "Debug"
      selectedDebuggerIdentifier = "Xcode.DebuggerFoundation.Debugger.LLDB"
      selectedLauncherIdentifier = "Xcode.DebuggerFoundation.Launcher.LLDB"
      launchStyle = "0"
      useCustomWorkingDirectory = "NO"
      ignoresPersistentStateOnLaunch = "NO"
      debugDocumentVersioning = "YES"
      debugServiceExtension = "internal"
      allowLocationSimulation = "YES">
      <MacroExpansion>
         <BuildableReference
            BuildableIdentifier = "primary"
            BlueprintIdentifier = "B5716EC61F0CC307005146DB"
            BuildableName = "iOSTests.xctest"
            BlueprintName = "iOSTests"
            ReferencedContainer = "container:Demo.xcodeproj">
         </BuildableReference>
      </MacroExpansion>
      <AdditionalOptions>
      </AdditionalOptions>
   </LaunchAction>
   <ProfileAction
      buildConfiguration = "Release"
      shouldUseLaunchSchemeArgsEnv = "YES"
      savedToolIdentifier = ""
      useCustomWorkingDirectory = "NO"
      debugDocumentVersioning = "YES">
      <MacroExpansion>
         <BuildableReference
            BuildableIdentifier = "primary"
            BlueprintIdentifier = "B5716EC61F0CC307005146DB"
            BuildableName = "iOSTests.xctest"
            BlueprintName = "iOSTests"
            ReferencedContainer = "container:Demo.xcodeproj">
         </BuildableReference>
      </MacroExpansion>
   </ProfileAction>
   <AnalyzeAction
      buildConfiguration = "Debug">
   </AnalyzeAction>
   <ArchiveAction
      buildConfiguration = "Release"
      revealArchiveInOrganizer = "YES">
   </ArchiveAction>
</Scheme>
