// !$*UTF8*$!
{
	archiveVersion = 1;
	classes = {
	};
	objectVersion = 46;
	objects = {

/* Begin PBXBuildFile section */
		2B0E2672B202A81CC5BB6A1C /* libPods-Astrolabe-Demo.a in Frameworks */ = {isa = PBXBuildFile; fileRef = 284C4978FA6A8EB4CA1EB239 /* libPods-Astrolabe-Demo.a */; };
		A5532A9C1F615C4600186A9F /* SelectionViewController.swift in Sources */ = {isa = PBXBuildFile; fileRef = A5532A9B1F615C4600186A9F /* SelectionViewController.swift */; };
		B50EFAD21F0CC27E00D31FD6 /* AppDelegate.swift in Sources */ = {isa = PBXBuildFile; fileRef = B50EFAD11F0CC27E00D31FD6 /* AppDelegate.swift */; };
		B50EFAD91F0CC27E00D31FD6 /* Assets.xcassets in Resources */ = {isa = PBXBuildFile; fileRef = B50EFAD81F0CC27E00D31FD6 /* Assets.xcassets */; };
		B50EFADC1F0CC27E00D31FD6 /* LaunchScreen.storyboard in Resources */ = {isa = PBXBuildFile; fileRef = B50EFADA1F0CC27E00D31FD6 /* LaunchScreen.storyboard */; };
		B5716F021F0CC54D005146DB /* HomeViewController.swift in Sources */ = {isa = PBXBuildFile; fileRef = B5716EF31F0CC54D005146DB /* HomeViewController.swift */; };
		B5716F041F0CC54D005146DB /* BaseViewController.swift in Sources */ = {isa = PBXBuildFile; fileRef = B5716EF51F0CC54D005146DB /* BaseViewController.swift */; };
		B5716F081F0CC54D005146DB /* ReusePagerViewController.swift in Sources */ = {isa = PBXBuildFile; fileRef = B5716EF91F0CC54D005146DB /* ReusePagerViewController.swift */; };
		B5716F091F0CC54D005146DB /* TestTableCell.swift in Sources */ = {isa = PBXBuildFile; fileRef = B5716EFA1F0CC54D005146DB /* TestTableCell.swift */; };
		B5716F0A1F0CC54D005146DB /* TestCollectionCell.swift in Sources */ = {isa = PBXBuildFile; fileRef = B5716EFB1F0CC54D005146DB /* TestCollectionCell.swift */; };
		B5716F0B1F0CC54D005146DB /* BasicExampleCollectionViewController.swift in Sources */ = {isa = PBXBuildFile; fileRef = B5716EFC1F0CC54D005146DB /* BasicExampleCollectionViewController.swift */; };
		B5716F1F1F0CC5E2005146DB /* Assets.xcassets in Resources */ = {isa = PBXBuildFile; fileRef = B5716F1E1F0CC5E2005146DB /* Assets.xcassets */; };
		B5716F241F0CC6E9005146DB /* AppDelegate.swift in Sources */ = {isa = PBXBuildFile; fileRef = B50EFAD11F0CC27E00D31FD6 /* AppDelegate.swift */; };
		B5716F251F0CC6E9005146DB /* BaseViewController.swift in Sources */ = {isa = PBXBuildFile; fileRef = B5716EF51F0CC54D005146DB /* BaseViewController.swift */; };
		B5716F271F0CC6E9005146DB /* BasicExampleCollectionViewController.swift in Sources */ = {isa = PBXBuildFile; fileRef = B5716EFC1F0CC54D005146DB /* BasicExampleCollectionViewController.swift */; };
		B5716F2B1F0CC6E9005146DB /* HomeViewController.swift in Sources */ = {isa = PBXBuildFile; fileRef = B5716EF31F0CC54D005146DB /* HomeViewController.swift */; };
		B5716F311F0CC6E9005146DB /* TestCollectionCell.swift in Sources */ = {isa = PBXBuildFile; fileRef = B5716EFB1F0CC54D005146DB /* TestCollectionCell.swift */; };
		B5716F321F0CC6E9005146DB /* TestTableCell.swift in Sources */ = {isa = PBXBuildFile; fileRef = B5716EFA1F0CC54D005146DB /* TestTableCell.swift */; };
		B84DD2E7D08B691404FFDD9F /* libPods-Astrolabe-Tests-tvOSTests.a in Frameworks */ = {isa = PBXBuildFile; fileRef = 68C9E1F014FE592D5A7AB11B /* libPods-Astrolabe-Tests-tvOSTests.a */; };
		BA8ED2CBA16E7F8D05E39B4B /* libPods-Astrolabe-DemoTV.a in Frameworks */ = {isa = PBXBuildFile; fileRef = 36F57F0875E961177DC79C61 /* libPods-Astrolabe-DemoTV.a */; };
		E0340129FF38CCFEDF1562A8 /* libPods-Astrolabe-Tests-iOSTests.a in Frameworks */ = {isa = PBXBuildFile; fileRef = E7048747CC1EC842B91EEB1C /* libPods-Astrolabe-Tests-iOSTests.a */; };
/* End PBXBuildFile section */

/* Begin PBXFileReference section */
		036F0DAC81C984CC68A8F33D /* Pods-Astrolabe-Tests-iOSTests.release.xcconfig */ = {isa = PBXFileReference; includeInIndex = 1; lastKnownFileType = text.xcconfig; name = "Pods-Astrolabe-Tests-iOSTests.release.xcconfig"; path = "Pods/Target Support Files/Pods-Astrolabe-Tests-iOSTests/Pods-Astrolabe-Tests-iOSTests.release.xcconfig"; sourceTree = "<group>"; };
		05A274C4A69BB8DD79370178 /* Pods-Astrolabe-Tests-tvOSTests.release.xcconfig */ = {isa = PBXFileReference; includeInIndex = 1; lastKnownFileType = text.xcconfig; name = "Pods-Astrolabe-Tests-tvOSTests.release.xcconfig"; path = "Pods/Target Support Files/Pods-Astrolabe-Tests-tvOSTests/Pods-Astrolabe-Tests-tvOSTests.release.xcconfig"; sourceTree = "<group>"; };
		0BFDFDD88D65812E508F5459 /* Pods-Astrolabe-DemoTV.debug.xcconfig */ = {isa = PBXFileReference; includeInIndex = 1; lastKnownFileType = text.xcconfig; name = "Pods-Astrolabe-DemoTV.debug.xcconfig"; path = "Pods/Target Support Files/Pods-Astrolabe-DemoTV/Pods-Astrolabe-DemoTV.debug.xcconfig"; sourceTree = "<group>"; };
		1C019461B7372E161FC5D909 /* Pods-Astrolabe-Demo.release.xcconfig */ = {isa = PBXFileReference; includeInIndex = 1; lastKnownFileType = text.xcconfig; name = "Pods-Astrolabe-Demo.release.xcconfig"; path = "Pods/Target Support Files/Pods-Astrolabe-Demo/Pods-Astrolabe-Demo.release.xcconfig"; sourceTree = "<group>"; };
		284C4978FA6A8EB4CA1EB239 /* libPods-Astrolabe-Demo.a */ = {isa = PBXFileReference; explicitFileType = archive.ar; includeInIndex = 0; path = "libPods-Astrolabe-Demo.a"; sourceTree = BUILT_PRODUCTS_DIR; };
		36F57F0875E961177DC79C61 /* libPods-Astrolabe-DemoTV.a */ = {isa = PBXFileReference; explicitFileType = archive.ar; includeInIndex = 0; path = "libPods-Astrolabe-DemoTV.a"; sourceTree = BUILT_PRODUCTS_DIR; };
		3810A47E622D858CB47D3D73 /* Pods-Astrolabe-DemoTV.release.xcconfig */ = {isa = PBXFileReference; includeInIndex = 1; lastKnownFileType = text.xcconfig; name = "Pods-Astrolabe-DemoTV.release.xcconfig"; path = "Pods/Target Support Files/Pods-Astrolabe-DemoTV/Pods-Astrolabe-DemoTV.release.xcconfig"; sourceTree = "<group>"; };
		66AE31EC04CA8A047821FDD8 /* Pods-Astrolabe-Demo.debug.xcconfig */ = {isa = PBXFileReference; includeInIndex = 1; lastKnownFileType = text.xcconfig; name = "Pods-Astrolabe-Demo.debug.xcconfig"; path = "Pods/Target Support Files/Pods-Astrolabe-Demo/Pods-Astrolabe-Demo.debug.xcconfig"; sourceTree = "<group>"; };
		68C9E1F014FE592D5A7AB11B /* libPods-Astrolabe-Tests-tvOSTests.a */ = {isa = PBXFileReference; explicitFileType = archive.ar; includeInIndex = 0; path = "libPods-Astrolabe-Tests-tvOSTests.a"; sourceTree = BUILT_PRODUCTS_DIR; };
		A5532A9B1F615C4600186A9F /* SelectionViewController.swift */ = {isa = PBXFileReference; fileEncoding = 4; indentWidth = 2; lastKnownFileType = sourcecode.swift; path = SelectionViewController.swift; sourceTree = "<group>"; tabWidth = 2; };
		B50EFACE1F0CC27E00D31FD6 /* Demo.app */ = {isa = PBXFileReference; explicitFileType = wrapper.application; includeInIndex = 0; path = Demo.app; sourceTree = BUILT_PRODUCTS_DIR; };
		B50EFAD11F0CC27E00D31FD6 /* AppDelegate.swift */ = {isa = PBXFileReference; lastKnownFileType = sourcecode.swift; path = AppDelegate.swift; sourceTree = "<group>"; };
		B50EFAD81F0CC27E00D31FD6 /* Assets.xcassets */ = {isa = PBXFileReference; lastKnownFileType = folder.assetcatalog; path = Assets.xcassets; sourceTree = "<group>"; };
		B50EFADB1F0CC27E00D31FD6 /* Base */ = {isa = PBXFileReference; lastKnownFileType = file.storyboard; name = Base; path = Base.lproj/LaunchScreen.storyboard; sourceTree = "<group>"; };
		B50EFADD1F0CC27E00D31FD6 /* Info.plist */ = {isa = PBXFileReference; lastKnownFileType = text.plist.xml; path = Info.plist; sourceTree = "<group>"; };
		B5716EC71F0CC307005146DB /* iOSTests.xctest */ = {isa = PBXFileReference; explicitFileType = wrapper.cfbundle; includeInIndex = 0; path = iOSTests.xctest; sourceTree = BUILT_PRODUCTS_DIR; };
		B5716EF31F0CC54D005146DB /* HomeViewController.swift */ = {isa = PBXFileReference; fileEncoding = 4; indentWidth = 2; lastKnownFileType = sourcecode.swift; path = HomeViewController.swift; sourceTree = "<group>"; tabWidth = 2; };
		B5716EF51F0CC54D005146DB /* BaseViewController.swift */ = {isa = PBXFileReference; fileEncoding = 4; lastKnownFileType = sourcecode.swift; path = BaseViewController.swift; sourceTree = "<group>"; };
		B5716EF91F0CC54D005146DB /* ReusePagerViewController.swift */ = {isa = PBXFileReference; fileEncoding = 4; lastKnownFileType = sourcecode.swift; path = ReusePagerViewController.swift; sourceTree = "<group>"; };
		B5716EFA1F0CC54D005146DB /* TestTableCell.swift */ = {isa = PBXFileReference; fileEncoding = 4; lastKnownFileType = sourcecode.swift; path = TestTableCell.swift; sourceTree = "<group>"; };
		B5716EFB1F0CC54D005146DB /* TestCollectionCell.swift */ = {isa = PBXFileReference; fileEncoding = 4; indentWidth = 2; lastKnownFileType = sourcecode.swift; path = TestCollectionCell.swift; sourceTree = "<group>"; tabWidth = 2; };
		B5716EFC1F0CC54D005146DB /* BasicExampleCollectionViewController.swift */ = {isa = PBXFileReference; fileEncoding = 4; lastKnownFileType = sourcecode.swift; path = BasicExampleCollectionViewController.swift; sourceTree = "<group>"; };
		B5716F151F0CC5E2005146DB /* DemoTV.app */ = {isa = PBXFileReference; explicitFileType = wrapper.application; includeInIndex = 0; path = DemoTV.app; sourceTree = BUILT_PRODUCTS_DIR; };
		B5716F1E1F0CC5E2005146DB /* Assets.xcassets */ = {isa = PBXFileReference; lastKnownFileType = folder.assetcatalog; path = Assets.xcassets; sourceTree = "<group>"; };
		B5716F201F0CC5E2005146DB /* Info.plist */ = {isa = PBXFileReference; lastKnownFileType = text.plist.xml; path = Info.plist; sourceTree = "<group>"; };
		B5775C921F16A7C700E484A6 /* tvOSTests.xctest */ = {isa = PBXFileReference; explicitFileType = wrapper.cfbundle; includeInIndex = 0; path = tvOSTests.xctest; sourceTree = BUILT_PRODUCTS_DIR; };
		E1DF003CD2D6D1AD6960DE82 /* Pods-Astrolabe-Tests-iOSTests.debug.xcconfig */ = {isa = PBXFileReference; includeInIndex = 1; lastKnownFileType = text.xcconfig; name = "Pods-Astrolabe-Tests-iOSTests.debug.xcconfig"; path = "Pods/Target Support Files/Pods-Astrolabe-Tests-iOSTests/Pods-Astrolabe-Tests-iOSTests.debug.xcconfig"; sourceTree = "<group>"; };
		E7048747CC1EC842B91EEB1C /* libPods-Astrolabe-Tests-iOSTests.a */ = {isa = PBXFileReference; explicitFileType = archive.ar; includeInIndex = 0; path = "libPods-Astrolabe-Tests-iOSTests.a"; sourceTree = BUILT_PRODUCTS_DIR; };
		F5D7FAADD7022B14AB91B32D /* Pods-Astrolabe-Tests-tvOSTests.debug.xcconfig */ = {isa = PBXFileReference; includeInIndex = 1; lastKnownFileType = text.xcconfig; name = "Pods-Astrolabe-Tests-tvOSTests.debug.xcconfig"; path = "Pods/Target Support Files/Pods-Astrolabe-Tests-tvOSTests/Pods-Astrolabe-Tests-tvOSTests.debug.xcconfig"; sourceTree = "<group>"; };
/* End PBXFileReference section */

/* Begin PBXFrameworksBuildPhase section */
		B50EFACB1F0CC27E00D31FD6 /* Frameworks */ = {
			isa = PBXFrameworksBuildPhase;
			buildActionMask = 2147483647;
			files = (
				2B0E2672B202A81CC5BB6A1C /* libPods-Astrolabe-Demo.a in Frameworks */,
			);
			runOnlyForDeploymentPostprocessing = 0;
		};
		B5716EC41F0CC307005146DB /* Frameworks */ = {
			isa = PBXFrameworksBuildPhase;
			buildActionMask = 2147483647;
			files = (
				E0340129FF38CCFEDF1562A8 /* libPods-Astrolabe-Tests-iOSTests.a in Frameworks */,
			);
			runOnlyForDeploymentPostprocessing = 0;
		};
		B5716F121F0CC5E2005146DB /* Frameworks */ = {
			isa = PBXFrameworksBuildPhase;
			buildActionMask = 2147483647;
			files = (
				BA8ED2CBA16E7F8D05E39B4B /* libPods-Astrolabe-DemoTV.a in Frameworks */,
			);
			runOnlyForDeploymentPostprocessing = 0;
		};
		B5775C8F1F16A7C700E484A6 /* Frameworks */ = {
			isa = PBXFrameworksBuildPhase;
			buildActionMask = 2147483647;
			files = (
				B84DD2E7D08B691404FFDD9F /* libPods-Astrolabe-Tests-tvOSTests.a in Frameworks */,
			);
			runOnlyForDeploymentPostprocessing = 0;
		};
/* End PBXFrameworksBuildPhase section */

/* Begin PBXGroup section */
		996033184AC7DADA23561FD6 /* Pods */ = {
			isa = PBXGroup;
			children = (
				66AE31EC04CA8A047821FDD8 /* Pods-Astrolabe-Demo.debug.xcconfig */,
				1C019461B7372E161FC5D909 /* Pods-Astrolabe-Demo.release.xcconfig */,
				0BFDFDD88D65812E508F5459 /* Pods-Astrolabe-DemoTV.debug.xcconfig */,
				3810A47E622D858CB47D3D73 /* Pods-Astrolabe-DemoTV.release.xcconfig */,
				E1DF003CD2D6D1AD6960DE82 /* Pods-Astrolabe-Tests-iOSTests.debug.xcconfig */,
				036F0DAC81C984CC68A8F33D /* Pods-Astrolabe-Tests-iOSTests.release.xcconfig */,
				F5D7FAADD7022B14AB91B32D /* Pods-Astrolabe-Tests-tvOSTests.debug.xcconfig */,
				05A274C4A69BB8DD79370178 /* Pods-Astrolabe-Tests-tvOSTests.release.xcconfig */,
			);
			name = Pods;
			sourceTree = "<group>";
		};
		B50EFAC51F0CC27E00D31FD6 = {
			isa = PBXGroup;
			children = (
				B50EFAD01F0CC27E00D31FD6 /* Demo */,
				B5716F161F0CC5E2005146DB /* DemoTV */,
				B50EFACF1F0CC27E00D31FD6 /* Products */,
				996033184AC7DADA23561FD6 /* Pods */,
				FC8FFC32218DD20BA0CF2251 /* Frameworks */,
			);
			indentWidth = 2;
			sourceTree = "<group>";
			tabWidth = 2;
		};
		B50EFACF1F0CC27E00D31FD6 /* Products */ = {
			isa = PBXGroup;
			children = (
				B50EFACE1F0CC27E00D31FD6 /* Demo.app */,
				B5716EC71F0CC307005146DB /* iOSTests.xctest */,
				B5716F151F0CC5E2005146DB /* DemoTV.app */,
				B5775C921F16A7C700E484A6 /* tvOSTests.xctest */,
			);
			name = Products;
			sourceTree = "<group>";
		};
		B50EFAD01F0CC27E00D31FD6 /* Demo */ = {
			isa = PBXGroup;
			children = (
				B50EFAD11F0CC27E00D31FD6 /* AppDelegate.swift */,
				B50EFAD81F0CC27E00D31FD6 /* Assets.xcassets */,
				B5716EF51F0CC54D005146DB /* BaseViewController.swift */,
				B5716EFC1F0CC54D005146DB /* BasicExampleCollectionViewController.swift */,
				B5716EF31F0CC54D005146DB /* HomeViewController.swift */,
				B50EFADD1F0CC27E00D31FD6 /* Info.plist */,
				B50EFADA1F0CC27E00D31FD6 /* LaunchScreen.storyboard */,
				B5716EF91F0CC54D005146DB /* ReusePagerViewController.swift */,
				B5716EFB1F0CC54D005146DB /* TestCollectionCell.swift */,
				B5716EFA1F0CC54D005146DB /* TestTableCell.swift */,
				A5532A9B1F615C4600186A9F /* SelectionViewController.swift */,
			);
			path = Demo;
			sourceTree = "<group>";
		};
		B5716F161F0CC5E2005146DB /* DemoTV */ = {
			isa = PBXGroup;
			children = (
				B5716F1E1F0CC5E2005146DB /* Assets.xcassets */,
				B5716F201F0CC5E2005146DB /* Info.plist */,
			);
			path = DemoTV;
			sourceTree = "<group>";
		};
		FC8FFC32218DD20BA0CF2251 /* Frameworks */ = {
			isa = PBXGroup;
			children = (
				284C4978FA6A8EB4CA1EB239 /* libPods-Astrolabe-Demo.a */,
				36F57F0875E961177DC79C61 /* libPods-Astrolabe-DemoTV.a */,
				E7048747CC1EC842B91EEB1C /* libPods-Astrolabe-Tests-iOSTests.a */,
				68C9E1F014FE592D5A7AB11B /* libPods-Astrolabe-Tests-tvOSTests.a */,
			);
			name = Frameworks;
			sourceTree = "<group>";
		};
/* End PBXGroup section */

/* Begin PBXNativeTarget section */
		B50EFACD1F0CC27E00D31FD6 /* Demo */ = {
			isa = PBXNativeTarget;
			buildConfigurationList = B50EFAE01F0CC27E00D31FD6 /* Build configuration list for PBXNativeTarget "Demo" */;
			buildPhases = (
				DC8F3606814074FE3C97AF87 /* [CP] Check Pods Manifest.lock */,
				B50EFACA1F0CC27E00D31FD6 /* Sources */,
				B50EFACB1F0CC27E00D31FD6 /* Frameworks */,
				B50EFACC1F0CC27E00D31FD6 /* Resources */,
			);
			buildRules = (
			);
			dependencies = (
			);
			name = Demo;
			productName = Demo;
			productReference = B50EFACE1F0CC27E00D31FD6 /* Demo.app */;
			productType = "com.apple.product-type.application";
		};
		B5716EC61F0CC307005146DB /* iOSTests */ = {
			isa = PBXNativeTarget;
			buildConfigurationList = B5716ECE1F0CC307005146DB /* Build configuration list for PBXNativeTarget "iOSTests" */;
			buildPhases = (
				4FD4A4C6325C78960C7F992E /* [CP] Check Pods Manifest.lock */,
				B5716EC31F0CC307005146DB /* Sources */,
				B5716EC41F0CC307005146DB /* Frameworks */,
				B5716EC51F0CC307005146DB /* Resources */,
			);
			buildRules = (
			);
			dependencies = (
			);
			name = iOSTests;
			productName = Tests;
			productReference = B5716EC71F0CC307005146DB /* iOSTests.xctest */;
			productType = "com.apple.product-type.bundle.unit-test";
		};
		B5716F141F0CC5E2005146DB /* DemoTV */ = {
			isa = PBXNativeTarget;
			buildConfigurationList = B5716F211F0CC5E2005146DB /* Build configuration list for PBXNativeTarget "DemoTV" */;
			buildPhases = (
				D2817AFD902167952BDCA363 /* [CP] Check Pods Manifest.lock */,
				B5716F111F0CC5E2005146DB /* Sources */,
				B5716F121F0CC5E2005146DB /* Frameworks */,
				B5716F131F0CC5E2005146DB /* Resources */,
			);
			buildRules = (
			);
			dependencies = (
			);
			name = DemoTV;
			productName = DemoTV;
			productReference = B5716F151F0CC5E2005146DB /* DemoTV.app */;
			productType = "com.apple.product-type.application";
		};
		B5775C911F16A7C700E484A6 /* tvOSTests */ = {
			isa = PBXNativeTarget;
			buildConfigurationList = B5775C971F16A7C800E484A6 /* Build configuration list for PBXNativeTarget "tvOSTests" */;
			buildPhases = (
				4CD0F5651D83CDB1A899407B /* [CP] Check Pods Manifest.lock */,
				B5775C8E1F16A7C700E484A6 /* Sources */,
				B5775C8F1F16A7C700E484A6 /* Frameworks */,
				B5775C901F16A7C700E484A6 /* Resources */,
			);
			buildRules = (
			);
			dependencies = (
			);
			name = tvOSTests;
			productName = tvOSTests;
			productReference = B5775C921F16A7C700E484A6 /* tvOSTests.xctest */;
			productType = "com.apple.product-type.bundle.unit-test";
		};
/* End PBXNativeTarget section */

/* Begin PBXProject section */
		B50EFAC61F0CC27E00D31FD6 /* Project object */ = {
			isa = PBXProject;
			attributes = {
				LastSwiftUpdateCheck = 0830;
				LastUpgradeCheck = 0830;
				ORGANIZATIONNAME = NetcoSports;
				TargetAttributes = {
					B50EFACD1F0CC27E00D31FD6 = {
						CreatedOnToolsVersion = 8.3.3;
						DevelopmentTeam = JPS45PPV79;
						LastSwiftMigration = 0900;
						ProvisioningStyle = Automatic;
					};
					B5716EC61F0CC307005146DB = {
						CreatedOnToolsVersion = 8.3.3;
						LastSwiftMigration = 0900;
						ProvisioningStyle = Automatic;
					};
					B5716F141F0CC5E2005146DB = {
						CreatedOnToolsVersion = 8.3.3;
						LastSwiftMigration = 0900;
						ProvisioningStyle = Automatic;
					};
					B5775C911F16A7C700E484A6 = {
						CreatedOnToolsVersion = 8.3.3;
						LastSwiftMigration = 0900;
						ProvisioningStyle = Automatic;
					};
				};
			};
			buildConfigurationList = B50EFAC91F0CC27E00D31FD6 /* Build configuration list for PBXProject "Demo" */;
			compatibilityVersion = "Xcode 3.2";
			developmentRegion = English;
			hasScannedForEncodings = 0;
			knownRegions = (
				English,
				en,
				Base,
			);
			mainGroup = B50EFAC51F0CC27E00D31FD6;
			productRefGroup = B50EFACF1F0CC27E00D31FD6 /* Products */;
			projectDirPath = "";
			projectRoot = "";
			targets = (
				B50EFACD1F0CC27E00D31FD6 /* Demo */,
				B5716F141F0CC5E2005146DB /* DemoTV */,
				B5716EC61F0CC307005146DB /* iOSTests */,
				B5775C911F16A7C700E484A6 /* tvOSTests */,
			);
		};
/* End PBXProject section */

/* Begin PBXResourcesBuildPhase section */
		B50EFACC1F0CC27E00D31FD6 /* Resources */ = {
			isa = PBXResourcesBuildPhase;
			buildActionMask = 2147483647;
			files = (
				B50EFADC1F0CC27E00D31FD6 /* LaunchScreen.storyboard in Resources */,
				B50EFAD91F0CC27E00D31FD6 /* Assets.xcassets in Resources */,
			);
			runOnlyForDeploymentPostprocessing = 0;
		};
		B5716EC51F0CC307005146DB /* Resources */ = {
			isa = PBXResourcesBuildPhase;
			buildActionMask = 2147483647;
			files = (
			);
			runOnlyForDeploymentPostprocessing = 0;
		};
		B5716F131F0CC5E2005146DB /* Resources */ = {
			isa = PBXResourcesBuildPhase;
			buildActionMask = 2147483647;
			files = (
				B5716F1F1F0CC5E2005146DB /* Assets.xcassets in Resources */,
			);
			runOnlyForDeploymentPostprocessing = 0;
		};
		B5775C901F16A7C700E484A6 /* Resources */ = {
			isa = PBXResourcesBuildPhase;
			buildActionMask = 2147483647;
			files = (
			);
			runOnlyForDeploymentPostprocessing = 0;
		};
/* End PBXResourcesBuildPhase section */

/* Begin PBXShellScriptBuildPhase section */
		4CD0F5651D83CDB1A899407B /* [CP] Check Pods Manifest.lock */ = {
			isa = PBXShellScriptBuildPhase;
			buildActionMask = 2147483647;
			files = (
			);
			inputPaths = (
				"${PODS_PODFILE_DIR_PATH}/Podfile.lock",
				"${PODS_ROOT}/Manifest.lock",
			);
			name = "[CP] Check Pods Manifest.lock";
			outputPaths = (
				"$(DERIVED_FILE_DIR)/Pods-Astrolabe-Tests-tvOSTests-checkManifestLockResult.txt",
			);
			runOnlyForDeploymentPostprocessing = 0;
			shellPath = /bin/sh;
			shellScript = "diff \"${PODS_PODFILE_DIR_PATH}/Podfile.lock\" \"${PODS_ROOT}/Manifest.lock\" > /dev/null\nif [ $? != 0 ] ; then\n    # print error to STDERR\n    echo \"error: The sandbox is not in sync with the Podfile.lock. Run 'pod install' or update your CocoaPods installation.\" >&2\n    exit 1\nfi\n# This output is used by Xcode 'outputs' to avoid re-running this script phase.\necho \"SUCCESS\" > \"${SCRIPT_OUTPUT_FILE_0}\"\n";
			showEnvVarsInLog = 0;
		};
		4FD4A4C6325C78960C7F992E /* [CP] Check Pods Manifest.lock */ = {
			isa = PBXShellScriptBuildPhase;
			buildActionMask = 2147483647;
			files = (
			);
			inputPaths = (
				"${PODS_PODFILE_DIR_PATH}/Podfile.lock",
				"${PODS_ROOT}/Manifest.lock",
			);
			name = "[CP] Check Pods Manifest.lock";
			outputPaths = (
				"$(DERIVED_FILE_DIR)/Pods-Astrolabe-Tests-iOSTests-checkManifestLockResult.txt",
			);
			runOnlyForDeploymentPostprocessing = 0;
			shellPath = /bin/sh;
			shellScript = "diff \"${PODS_PODFILE_DIR_PATH}/Podfile.lock\" \"${PODS_ROOT}/Manifest.lock\" > /dev/null\nif [ $? != 0 ] ; then\n    # print error to STDERR\n    echo \"error: The sandbox is not in sync with the Podfile.lock. Run 'pod install' or update your CocoaPods installation.\" >&2\n    exit 1\nfi\n# This output is used by Xcode 'outputs' to avoid re-running this script phase.\necho \"SUCCESS\" > \"${SCRIPT_OUTPUT_FILE_0}\"\n";
			showEnvVarsInLog = 0;
		};
		D2817AFD902167952BDCA363 /* [CP] Check Pods Manifest.lock */ = {
			isa = PBXShellScriptBuildPhase;
			buildActionMask = 2147483647;
			files = (
			);
			inputPaths = (
				"${PODS_PODFILE_DIR_PATH}/Podfile.lock",
				"${PODS_ROOT}/Manifest.lock",
			);
			name = "[CP] Check Pods Manifest.lock";
			outputPaths = (
				"$(DERIVED_FILE_DIR)/Pods-Astrolabe-DemoTV-checkManifestLockResult.txt",
			);
			runOnlyForDeploymentPostprocessing = 0;
			shellPath = /bin/sh;
			shellScript = "diff \"${PODS_PODFILE_DIR_PATH}/Podfile.lock\" \"${PODS_ROOT}/Manifest.lock\" > /dev/null\nif [ $? != 0 ] ; then\n    # print error to STDERR\n    echo \"error: The sandbox is not in sync with the Podfile.lock. Run 'pod install' or update your CocoaPods installation.\" >&2\n    exit 1\nfi\n# This output is used by Xcode 'outputs' to avoid re-running this script phase.\necho \"SUCCESS\" > \"${SCRIPT_OUTPUT_FILE_0}\"\n";
			showEnvVarsInLog = 0;
		};
		DC8F3606814074FE3C97AF87 /* [CP] Check Pods Manifest.lock */ = {
			isa = PBXShellScriptBuildPhase;
			buildActionMask = 2147483647;
			files = (
			);
			inputPaths = (
				"${PODS_PODFILE_DIR_PATH}/Podfile.lock",
				"${PODS_ROOT}/Manifest.lock",
			);
			name = "[CP] Check Pods Manifest.lock";
			outputPaths = (
				"$(DERIVED_FILE_DIR)/Pods-Astrolabe-Demo-checkManifestLockResult.txt",
			);
			runOnlyForDeploymentPostprocessing = 0;
			shellPath = /bin/sh;
			shellScript = "diff \"${PODS_PODFILE_DIR_PATH}/Podfile.lock\" \"${PODS_ROOT}/Manifest.lock\" > /dev/null\nif [ $? != 0 ] ; then\n    # print error to STDERR\n    echo \"error: The sandbox is not in sync with the Podfile.lock. Run 'pod install' or update your CocoaPods installation.\" >&2\n    exit 1\nfi\n# This output is used by Xcode 'outputs' to avoid re-running this script phase.\necho \"SUCCESS\" > \"${SCRIPT_OUTPUT_FILE_0}\"\n";
			showEnvVarsInLog = 0;
		};
/* End PBXShellScriptBuildPhase section */

/* Begin PBXSourcesBuildPhase section */
		B50EFACA1F0CC27E00D31FD6 /* Sources */ = {
			isa = PBXSourcesBuildPhase;
			buildActionMask = 2147483647;
			files = (
				B5716F041F0CC54D005146DB /* BaseViewController.swift in Sources */,
				B5716F091F0CC54D005146DB /* TestTableCell.swift in Sources */,
				A5532A9C1F615C4600186A9F /* SelectionViewController.swift in Sources */,
				B5716F0B1F0CC54D005146DB /* BasicExampleCollectionViewController.swift in Sources */,
				B5716F0A1F0CC54D005146DB /* TestCollectionCell.swift in Sources */,
				B50EFAD21F0CC27E00D31FD6 /* AppDelegate.swift in Sources */,
				B5716F081F0CC54D005146DB /* ReusePagerViewController.swift in Sources */,
				B5716F021F0CC54D005146DB /* HomeViewController.swift in Sources */,
			);
			runOnlyForDeploymentPostprocessing = 0;
		};
		B5716EC31F0CC307005146DB /* Sources */ = {
			isa = PBXSourcesBuildPhase;
			buildActionMask = 2147483647;
			files = (
			);
			runOnlyForDeploymentPostprocessing = 0;
		};
		B5716F111F0CC5E2005146DB /* Sources */ = {
			isa = PBXSourcesBuildPhase;
			buildActionMask = 2147483647;
			files = (
				B5716F311F0CC6E9005146DB /* TestCollectionCell.swift in Sources */,
				B5716F241F0CC6E9005146DB /* AppDelegate.swift in Sources */,
				B5716F321F0CC6E9005146DB /* TestTableCell.swift in Sources */,
				B5716F2B1F0CC6E9005146DB /* HomeViewController.swift in Sources */,
				B5716F271F0CC6E9005146DB /* BasicExampleCollectionViewController.swift in Sources */,
				B5716F251F0CC6E9005146DB /* BaseViewController.swift in Sources */,
			);
			runOnlyForDeploymentPostprocessing = 0;
		};
		B5775C8E1F16A7C700E484A6 /* Sources */ = {
			isa = PBXSourcesBuildPhase;
			buildActionMask = 2147483647;
			files = (
			);
			runOnlyForDeploymentPostprocessing = 0;
		};
/* End PBXSourcesBuildPhase section */

/* Begin PBXVariantGroup section */
		B50EFADA1F0CC27E00D31FD6 /* LaunchScreen.storyboard */ = {
			isa = PBXVariantGroup;
			children = (
				B50EFADB1F0CC27E00D31FD6 /* Base */,
			);
			name = LaunchScreen.storyboard;
			sourceTree = "<group>";
		};
/* End PBXVariantGroup section */

/* Begin XCBuildConfiguration section */
		B50EFADE1F0CC27E00D31FD6 /* Debug */ = {
			isa = XCBuildConfiguration;
			buildSettings = {
				ALWAYS_SEARCH_USER_PATHS = NO;
				CLANG_ANALYZER_NONNULL = YES;
				CLANG_ANALYZER_NUMBER_OBJECT_CONVERSION = YES_AGGRESSIVE;
				CLANG_CXX_LANGUAGE_STANDARD = "gnu++0x";
				CLANG_CXX_LIBRARY = "libc++";
				CLANG_ENABLE_MODULES = YES;
				CLANG_ENABLE_OBJC_ARC = YES;
				CLANG_WARN_BOOL_CONVERSION = YES;
				CLANG_WARN_CONSTANT_CONVERSION = YES;
				CLANG_WARN_DIRECT_OBJC_ISA_USAGE = YES_ERROR;
				CLANG_WARN_DOCUMENTATION_COMMENTS = YES;
				CLANG_WARN_EMPTY_BODY = YES;
				CLANG_WARN_ENUM_CONVERSION = YES;
				CLANG_WARN_INFINITE_RECURSION = YES;
				CLANG_WARN_INT_CONVERSION = YES;
				CLANG_WARN_OBJC_ROOT_CLASS = YES_ERROR;
				CLANG_WARN_SUSPICIOUS_MOVE = YES;
				CLANG_WARN_UNREACHABLE_CODE = YES;
				CLANG_WARN__DUPLICATE_METHOD_MATCH = YES;
				"CODE_SIGN_IDENTITY[sdk=iphoneos*]" = "iPhone Developer";
				COPY_PHASE_STRIP = NO;
				DEBUG_INFORMATION_FORMAT = dwarf;
				ENABLE_STRICT_OBJC_MSGSEND = YES;
				ENABLE_TESTABILITY = YES;
				GCC_C_LANGUAGE_STANDARD = gnu99;
				GCC_DYNAMIC_NO_PIC = NO;
				GCC_NO_COMMON_BLOCKS = YES;
				GCC_OPTIMIZATION_LEVEL = 0;
				GCC_PREPROCESSOR_DEFINITIONS = (
					"DEBUG=1",
					"$(inherited)",
				);
				GCC_WARN_64_TO_32_BIT_CONVERSION = YES;
				GCC_WARN_ABOUT_RETURN_TYPE = YES_ERROR;
				GCC_WARN_UNDECLARED_SELECTOR = YES;
				GCC_WARN_UNINITIALIZED_AUTOS = YES_AGGRESSIVE;
				GCC_WARN_UNUSED_FUNCTION = YES;
				GCC_WARN_UNUSED_VARIABLE = YES;
				IPHONEOS_DEPLOYMENT_TARGET = 10.3;
				MTL_ENABLE_DEBUG_INFO = YES;
				ONLY_ACTIVE_ARCH = YES;
				SDKROOT = iphoneos;
				SWIFT_ACTIVE_COMPILATION_CONDITIONS = DEBUG;
				SWIFT_OPTIMIZATION_LEVEL = "-Onone";
			};
			name = Debug;
		};
		B50EFADF1F0CC27E00D31FD6 /* Release */ = {
			isa = XCBuildConfiguration;
			buildSettings = {
				ALWAYS_SEARCH_USER_PATHS = NO;
				CLANG_ANALYZER_NONNULL = YES;
				CLANG_ANALYZER_NUMBER_OBJECT_CONVERSION = YES_AGGRESSIVE;
				CLANG_CXX_LANGUAGE_STANDARD = "gnu++0x";
				CLANG_CXX_LIBRARY = "libc++";
				CLANG_ENABLE_MODULES = YES;
				CLANG_ENABLE_OBJC_ARC = YES;
				CLANG_WARN_BOOL_CONVERSION = YES;
				CLANG_WARN_CONSTANT_CONVERSION = YES;
				CLANG_WARN_DIRECT_OBJC_ISA_USAGE = YES_ERROR;
				CLANG_WARN_DOCUMENTATION_COMMENTS = YES;
				CLANG_WARN_EMPTY_BODY = YES;
				CLANG_WARN_ENUM_CONVERSION = YES;
				CLANG_WARN_INFINITE_RECURSION = YES;
				CLANG_WARN_INT_CONVERSION = YES;
				CLANG_WARN_OBJC_ROOT_CLASS = YES_ERROR;
				CLANG_WARN_SUSPICIOUS_MOVE = YES;
				CLANG_WARN_UNREACHABLE_CODE = YES;
				CLANG_WARN__DUPLICATE_METHOD_MATCH = YES;
				"CODE_SIGN_IDENTITY[sdk=iphoneos*]" = "iPhone Developer";
				COPY_PHASE_STRIP = NO;
				DEBUG_INFORMATION_FORMAT = "dwarf-with-dsym";
				ENABLE_NS_ASSERTIONS = NO;
				ENABLE_STRICT_OBJC_MSGSEND = YES;
				GCC_C_LANGUAGE_STANDARD = gnu99;
				GCC_NO_COMMON_BLOCKS = YES;
				GCC_WARN_64_TO_32_BIT_CONVERSION = YES;
				GCC_WARN_ABOUT_RETURN_TYPE = YES_ERROR;
				GCC_WARN_UNDECLARED_SELECTOR = YES;
				GCC_WARN_UNINITIALIZED_AUTOS = YES_AGGRESSIVE;
				GCC_WARN_UNUSED_FUNCTION = YES;
				GCC_WARN_UNUSED_VARIABLE = YES;
				IPHONEOS_DEPLOYMENT_TARGET = 10.3;
				MTL_ENABLE_DEBUG_INFO = NO;
				SDKROOT = iphoneos;
				SWIFT_OPTIMIZATION_LEVEL = "-Owholemodule";
				VALIDATE_PRODUCT = YES;
			};
			name = Release;
		};
		B50EFAE11F0CC27E00D31FD6 /* Debug */ = {
			isa = XCBuildConfiguration;
			baseConfigurationReference = 66AE31EC04CA8A047821FDD8 /* Pods-Astrolabe-Demo.debug.xcconfig */;
			buildSettings = {
				ASSETCATALOG_COMPILER_APPICON_NAME = AppIcon;
				CODE_SIGN_IDENTITY = "iPhone Developer";
				CODE_SIGN_INJECT_BASE_ENTITLEMENTS = NO;
				CODE_SIGN_STYLE = Automatic;
				DEVELOPMENT_TEAM = JPS45PPV79;
				INFOPLIST_FILE = Demo/Info.plist;
				IPHONEOS_DEPLOYMENT_TARGET = 11.0;
				LD_RUNPATH_SEARCH_PATHS = "$(inherited) @executable_path/Frameworks";
				PRODUCT_BUNDLE_IDENTIFIER = com.netcosports.Demo;
				PRODUCT_NAME = "$(TARGET_NAME)";
				PROVISIONING_PROFILE_SPECIFIER = "";
				SWIFT_SWIFT3_OBJC_INFERENCE = Default;
				SWIFT_VERSION = 5.0;
			};
			name = Debug;
		};
		B50EFAE21F0CC27E00D31FD6 /* Release */ = {
			isa = XCBuildConfiguration;
			baseConfigurationReference = 1C019461B7372E161FC5D909 /* Pods-Astrolabe-Demo.release.xcconfig */;
			buildSettings = {
				ASSETCATALOG_COMPILER_APPICON_NAME = AppIcon;
				CODE_SIGN_IDENTITY = "iPhone Developer";
				CODE_SIGN_INJECT_BASE_ENTITLEMENTS = NO;
				CODE_SIGN_STYLE = Automatic;
				DEVELOPMENT_TEAM = JPS45PPV79;
				INFOPLIST_FILE = Demo/Info.plist;
				IPHONEOS_DEPLOYMENT_TARGET = 11.0;
				LD_RUNPATH_SEARCH_PATHS = "$(inherited) @executable_path/Frameworks";
				PRODUCT_BUNDLE_IDENTIFIER = com.netcosports.Demo;
				PRODUCT_NAME = "$(TARGET_NAME)";
				PROVISIONING_PROFILE_SPECIFIER = "";
				SWIFT_SWIFT3_OBJC_INFERENCE = Default;
				SWIFT_VERSION = 5.0;
			};
			name = Release;
		};
		B5716ECC1F0CC307005146DB /* Debug */ = {
			isa = XCBuildConfiguration;
			baseConfigurationReference = E1DF003CD2D6D1AD6960DE82 /* Pods-Astrolabe-Tests-iOSTests.debug.xcconfig */;
			buildSettings = {
				CLANG_ENABLE_MODULES = YES;
				INFOPLIST_FILE = iOSTests/Info.plist;
				LD_RUNPATH_SEARCH_PATHS = "$(inherited) @executable_path/Frameworks @loader_path/Frameworks";
				PRODUCT_BUNDLE_IDENTIFIER = com.netcosports.tests.ios;
				PRODUCT_NAME = "$(TARGET_NAME)";
				SWIFT_ACTIVE_COMPILATION_CONDITIONS = "$(inherited) TEST";
				SWIFT_OPTIMIZATION_LEVEL = "-Onone";
				SWIFT_VERSION = 5.0;
			};
			name = Debug;
		};
		B5716ECD1F0CC307005146DB /* Release */ = {
			isa = XCBuildConfiguration;
			baseConfigurationReference = 036F0DAC81C984CC68A8F33D /* Pods-Astrolabe-Tests-iOSTests.release.xcconfig */;
			buildSettings = {
				CLANG_ENABLE_MODULES = YES;
				INFOPLIST_FILE = iOSTests/Info.plist;
				LD_RUNPATH_SEARCH_PATHS = "$(inherited) @executable_path/Frameworks @loader_path/Frameworks";
				PRODUCT_BUNDLE_IDENTIFIER = com.netcosports.tests.ios;
				PRODUCT_NAME = "$(TARGET_NAME)";
				SWIFT_VERSION = 5.0;
			};
			name = Release;
		};
		B5716F221F0CC5E2005146DB /* Debug */ = {
			isa = XCBuildConfiguration;
			baseConfigurationReference = 0BFDFDD88D65812E508F5459 /* Pods-Astrolabe-DemoTV.debug.xcconfig */;
			buildSettings = {
				ASSETCATALOG_COMPILER_APPICON_NAME = "App Icon & Top Shelf Image";
				ASSETCATALOG_COMPILER_LAUNCHIMAGE_NAME = LaunchImage;
				INFOPLIST_FILE = DemoTV/Info.plist;
				LD_RUNPATH_SEARCH_PATHS = "$(inherited) @executable_path/Frameworks";
				PRODUCT_BUNDLE_IDENTIFIER = com.netcosports.DemoTV;
				PRODUCT_NAME = "$(TARGET_NAME)";
				SDKROOT = appletvos;
				SWIFT_SWIFT3_OBJC_INFERENCE = Default;
				SWIFT_VERSION = 5.0;
				TARGETED_DEVICE_FAMILY = 3;
				TVOS_DEPLOYMENT_TARGET = 11.0;
			};
			name = Debug;
		};
		B5716F231F0CC5E2005146DB /* Release */ = {
			isa = XCBuildConfiguration;
			baseConfigurationReference = 3810A47E622D858CB47D3D73 /* Pods-Astrolabe-DemoTV.release.xcconfig */;
			buildSettings = {
				ASSETCATALOG_COMPILER_APPICON_NAME = "App Icon & Top Shelf Image";
				ASSETCATALOG_COMPILER_LAUNCHIMAGE_NAME = LaunchImage;
				INFOPLIST_FILE = DemoTV/Info.plist;
				LD_RUNPATH_SEARCH_PATHS = "$(inherited) @executable_path/Frameworks";
				PRODUCT_BUNDLE_IDENTIFIER = com.netcosports.DemoTV;
				PRODUCT_NAME = "$(TARGET_NAME)";
				SDKROOT = appletvos;
				SWIFT_SWIFT3_OBJC_INFERENCE = Default;
				SWIFT_VERSION = 5.0;
				TARGETED_DEVICE_FAMILY = 3;
				TVOS_DEPLOYMENT_TARGET = 11.0;
			};
			name = Release;
		};
		B5775C981F16A7C800E484A6 /* Debug */ = {
			isa = XCBuildConfiguration;
			baseConfigurationReference = F5D7FAADD7022B14AB91B32D /* Pods-Astrolabe-Tests-tvOSTests.debug.xcconfig */;
			buildSettings = {
				INFOPLIST_FILE = tvOSTests/Info.plist;
				LD_RUNPATH_SEARCH_PATHS = "$(inherited) @executable_path/Frameworks @loader_path/Frameworks";
				PRODUCT_BUNDLE_IDENTIFIER = com.netcosports.tests.tvos;
				PRODUCT_NAME = "$(TARGET_NAME)";
				SDKROOT = appletvos;
				SWIFT_VERSION = 5.0;
				TVOS_DEPLOYMENT_TARGET = 10.2;
			};
			name = Debug;
		};
		B5775C991F16A7C800E484A6 /* Release */ = {
			isa = XCBuildConfiguration;
			baseConfigurationReference = 05A274C4A69BB8DD79370178 /* Pods-Astrolabe-Tests-tvOSTests.release.xcconfig */;
			buildSettings = {
				INFOPLIST_FILE = tvOSTests/Info.plist;
				LD_RUNPATH_SEARCH_PATHS = "$(inherited) @executable_path/Frameworks @loader_path/Frameworks";
				PRODUCT_BUNDLE_IDENTIFIER = com.netcosports.tests.tvos;
				PRODUCT_NAME = "$(TARGET_NAME)";
				SDKROOT = appletvos;
				SWIFT_VERSION = 5.0;
				TVOS_DEPLOYMENT_TARGET = 10.2;
			};
			name = Release;
		};
/* End XCBuildConfiguration section */

/* Begin XCConfigurationList section */
		B50EFAC91F0CC27E00D31FD6 /* Build configuration list for PBXProject "Demo" */ = {
			isa = XCConfigurationList;
			buildConfigurations = (
				B50EFADE1F0CC27E00D31FD6 /* Debug */,
				B50EFADF1F0CC27E00D31FD6 /* Release */,
			);
			defaultConfigurationIsVisible = 0;
			defaultConfigurationName = Release;
		};
		B50EFAE01F0CC27E00D31FD6 /* Build configuration list for PBXNativeTarget "Demo" */ = {
			isa = XCConfigurationList;
			buildConfigurations = (
				B50EFAE11F0CC27E00D31FD6 /* Debug */,
				B50EFAE21F0CC27E00D31FD6 /* Release */,
			);
			defaultConfigurationIsVisible = 0;
			defaultConfigurationName = Release;
		};
		B5716ECE1F0CC307005146DB /* Build configuration list for PBXNativeTarget "iOSTests" */ = {
			isa = XCConfigurationList;
			buildConfigurations = (
				B5716ECC1F0CC307005146DB /* Debug */,
				B5716ECD1F0CC307005146DB /* Release */,
			);
			defaultConfigurationIsVisible = 0;
			defaultConfigurationName = Release;
		};
		B5716F211F0CC5E2005146DB /* Build configuration list for PBXNativeTarget "DemoTV" */ = {
			isa = XCConfigurationList;
			buildConfigurations = (
				B5716F221F0CC5E2005146DB /* Debug */,
				B5716F231F0CC5E2005146DB /* Release */,
			);
			defaultConfigurationIsVisible = 0;
			defaultConfigurationName = Release;
		};
		B5775C971F16A7C800E484A6 /* Build configuration list for PBXNativeTarget "tvOSTests" */ = {
			isa = XCConfigurationList;
			buildConfigurations = (
				B5775C981F16A7C800E484A6 /* Debug */,
				B5775C991F16A7C800E484A6 /* Release */,
			);
			defaultConfigurationIsVisible = 0;
			defaultConfigurationName = Release;
		};
/* End XCConfigurationList section */
	};
	rootObject = B50EFAC61F0CC27E00D31FD6 /* Project object */;
}
